
Microsoft Visual Studio Solution File, Format Version 12.00
# Visual Studio Version 16
VisualStudioVersion = 16.0.31727.386
MinimumVisualStudioVersion = 10.0.40219.1
Project("{9A19103F-16F7-4668-BE54-9A1E7A4F7556}") = "REST_API", "REST_API\REST_API.csproj", "{5ADE0768-321E-4643-9B80-243DF656866A}"
EndProject
Project("{E53339B2-1760-4266-BCC7-CA923CBCF16C}") = "docker-compose", "docker-compose.dcproj", "{2C2975CA-1C3D-468B-8EE8-14752F806A8A}"
EndProject
Global
	GlobalSection(SolutionConfigurationPlatforms) = preSolution
		Debug|Any CPU = Debug|Any CPU
		Release|Any CPU = Release|Any CPU
	EndGlobalSection
	GlobalSection(ProjectConfigurationPlatforms) = postSolution
		{5ADE0768-321E-4643-9B80-243DF656866A}.Debug|Any CPU.ActiveCfg = Debug|Any CPU
		{5ADE0768-321E-4643-9B80-243DF656866A}.Debug|Any CPU.Build.0 = Debug|Any CPU
		{5ADE0768-321E-4643-9B80-243DF656866A}.Release|Any CPU.ActiveCfg = Release|Any CPU
		{5ADE0768-321E-4643-9B80-243DF656866A}.Release|Any CPU.Build.0 = Release|Any CPU
		{2C2975CA-1C3D-468B-8EE8-14752F806A8A}.Debug|Any CPU.ActiveCfg = Debug|Any CPU
		{2C2975CA-1C3D-468B-8EE8-14752F806A8A}.Debug|Any CPU.Build.0 = Debug|Any CPU
		{2C2975CA-1C3D-468B-8EE8-14752F806A8A}.Release|Any CPU.ActiveCfg = Release|Any CPU
		{2C2975CA-1C3D-468B-8EE8-14752F806A8A}.Release|Any CPU.Build.0 = Release|Any CPU
	EndGlobalSection
	GlobalSection(SolutionProperties) = preSolution
		HideSolutionNode = FALSE
	EndGlobalSection
	GlobalSection(ExtensibilityGlobals) = postSolution
		SolutionGuid = {182EA1D0-364F-4EEF-B0DE-16E1E2500C9F}
	EndGlobalSection
EndGlobal
